
Microsoft Visual Studio Solution File, Format Version 12.00
# Visual Studio Version 17
VisualStudioVersion = 17.0.31903.59
MinimumVisualStudioVersion = 10.0.40219.1
Project("{2150E333-8FDC-42A3-9474-1A3956D46DE8}") = "CqrsEs", "CqrsEs", "{84618991-C3FE-4334-A518-F68529932051}"
EndProject
Project("{FAE04EC0-301F-11D3-BF4B-00C04F79EFBC}") = "CqrsCore", "CqrsEs\CqrsCore\CqrsCore.csproj", "{26071CCE-430E-47FA-8A1B-F39FA682938F}"
EndProject
Project("{2150E333-8FDC-42A3-9474-1A3956D46DE8}") = "SmPost", "SmPost", "{4E837FD9-AD44-4560-8263-F0E51F72FA78}"
EndProject
Project("{2150E333-8FDC-42A3-9474-1A3956D46DE8}") = "PostCmd", "PostCmd", "{1A07BAA8-AE60-4F86-AF0B-3C46F2842D51}"
EndProject
Project("{FAE04EC0-301F-11D3-BF4B-00C04F79EFBC}") = "PostCmdApi", "SmPost\PostCmd\PostCmdApi\PostCmdApi.csproj", "{30456290-43EC-4BA2-9F85-E5CB4E1A1213}"
EndProject
Project("{FAE04EC0-301F-11D3-BF4B-00C04F79EFBC}") = "PostCmdDomain", "SmPost\PostCmd\PostCmdDomain\PostCmdDomain.csproj", "{D8068075-6E6C-4D4E-AB11-6885D8241D5A}"
EndProject
Project("{FAE04EC0-301F-11D3-BF4B-00C04F79EFBC}") = "PostCmdInfrastructure", "SmPost\PostCmd\PostCmdInfrastructure\PostCmdInfrastructure.csproj", "{2F2E703D-5FD0-416B-81AF-8BF08302FB07}"
EndProject
Project("{2150E333-8FDC-42A3-9474-1A3956D46DE8}") = "PostQuery", "PostQuery", "{20F10269-2CE0-4416-B124-283D4FA371A7}"
EndProject
Project("{FAE04EC0-301F-11D3-BF4B-00C04F79EFBC}") = "PostQueryApi", "SmPost\PostQuery\PostQueryApi\PostQueryApi.csproj", "{2366CA0D-BB60-48DD-90F2-6B5970423760}"
EndProject
Project("{FAE04EC0-301F-11D3-BF4B-00C04F79EFBC}") = "PostQueryDomain", "SmPost\PostQuery\PostQueryDomain\PostQueryDomain.csproj", "{49AA8AC5-583F-4E93-A5EB-365D85277102}"
EndProject
Project("{FAE04EC0-301F-11D3-BF4B-00C04F79EFBC}") = "PostQueryInfrastructure", "SmPost\PostQuery\PostQueryInfrastructure\PostQueryInfrastructure.csproj", "{7D80C671-7033-4D8F-A270-217721D0F777}"
EndProject
Project("{FAE04EC0-301F-11D3-BF4B-00C04F79EFBC}") = "PostCommon", "SmPost\PostCommon\PostCommon.csproj", "{04D6E3A2-7D08-41C2-9E0B-DF2337FC9EFA}"
EndProject
Global
	GlobalSection(SolutionConfigurationPlatforms) = preSolution
		Debug|Any CPU = Debug|Any CPU
		Release|Any CPU = Release|Any CPU
	EndGlobalSection
	GlobalSection(SolutionProperties) = preSolution
		HideSolutionNode = FALSE
	EndGlobalSection
	GlobalSection(ProjectConfigurationPlatforms) = postSolution
		{26071CCE-430E-47FA-8A1B-F39FA682938F}.Debug|Any CPU.ActiveCfg = Debug|Any CPU
		{26071CCE-430E-47FA-8A1B-F39FA682938F}.Debug|Any CPU.Build.0 = Debug|Any CPU
		{26071CCE-430E-47FA-8A1B-F39FA682938F}.Release|Any CPU.ActiveCfg = Release|Any CPU
		{26071CCE-430E-47FA-8A1B-F39FA682938F}.Release|Any CPU.Build.0 = Release|Any CPU
		{30456290-43EC-4BA2-9F85-E5CB4E1A1213}.Debug|Any CPU.ActiveCfg = Debug|Any CPU
		{30456290-43EC-4BA2-9F85-E5CB4E1A1213}.Debug|Any CPU.Build.0 = Debug|Any CPU
		{30456290-43EC-4BA2-9F85-E5CB4E1A1213}.Release|Any CPU.ActiveCfg = Release|Any CPU
		{30456290-43EC-4BA2-9F85-E5CB4E1A1213}.Release|Any CPU.Build.0 = Release|Any CPU
		{D8068075-6E6C-4D4E-AB11-6885D8241D5A}.Debug|Any CPU.ActiveCfg = Debug|Any CPU
		{D8068075-6E6C-4D4E-AB11-6885D8241D5A}.Debug|Any CPU.Build.0 = Debug|Any CPU
		{D8068075-6E6C-4D4E-AB11-6885D8241D5A}.Release|Any CPU.ActiveCfg = Release|Any CPU
		{D8068075-6E6C-4D4E-AB11-6885D8241D5A}.Release|Any CPU.Build.0 = Release|Any CPU
		{2F2E703D-5FD0-416B-81AF-8BF08302FB07}.Debug|Any CPU.ActiveCfg = Debug|Any CPU
		{2F2E703D-5FD0-416B-81AF-8BF08302FB07}.Debug|Any CPU.Build.0 = Debug|Any CPU
		{2F2E703D-5FD0-416B-81AF-8BF08302FB07}.Release|Any CPU.ActiveCfg = Release|Any CPU
		{2F2E703D-5FD0-416B-81AF-8BF08302FB07}.Release|Any CPU.Build.0 = Release|Any CPU
		{2366CA0D-BB60-48DD-90F2-6B5970423760}.Debug|Any CPU.ActiveCfg = Debug|Any CPU
		{2366CA0D-BB60-48DD-90F2-6B5970423760}.Debug|Any CPU.Build.0 = Debug|Any CPU
		{2366CA0D-BB60-48DD-90F2-6B5970423760}.Release|Any CPU.ActiveCfg = Release|Any CPU
		{2366CA0D-BB60-48DD-90F2-6B5970423760}.Release|Any CPU.Build.0 = Release|Any CPU
		{49AA8AC5-583F-4E93-A5EB-365D85277102}.Debug|Any CPU.ActiveCfg = Debug|Any CPU
		{49AA8AC5-583F-4E93-A5EB-365D85277102}.Debug|Any CPU.Build.0 = Debug|Any CPU
		{49AA8AC5-583F-4E93-A5EB-365D85277102}.Release|Any CPU.ActiveCfg = Release|Any CPU
		{49AA8AC5-583F-4E93-A5EB-365D85277102}.Release|Any CPU.Build.0 = Release|Any CPU
		{7D80C671-7033-4D8F-A270-217721D0F777}.Debug|Any CPU.ActiveCfg = Debug|Any CPU
		{7D80C671-7033-4D8F-A270-217721D0F777}.Debug|Any CPU.Build.0 = Debug|Any CPU
		{7D80C671-7033-4D8F-A270-217721D0F777}.Release|Any CPU.ActiveCfg = Release|Any CPU
		{7D80C671-7033-4D8F-A270-217721D0F777}.Release|Any CPU.Build.0 = Release|Any CPU
		{04D6E3A2-7D08-41C2-9E0B-DF2337FC9EFA}.Debug|Any CPU.ActiveCfg = Debug|Any CPU
		{04D6E3A2-7D08-41C2-9E0B-DF2337FC9EFA}.Debug|Any CPU.Build.0 = Debug|Any CPU
		{04D6E3A2-7D08-41C2-9E0B-DF2337FC9EFA}.Release|Any CPU.ActiveCfg = Release|Any CPU
		{04D6E3A2-7D08-41C2-9E0B-DF2337FC9EFA}.Release|Any CPU.Build.0 = Release|Any CPU
	EndGlobalSection
	GlobalSection(NestedProjects) = preSolution
		{30456290-43EC-4BA2-9F85-E5CB4E1A1213} = {1A07BAA8-AE60-4F86-AF0B-3C46F2842D51}
		{D8068075-6E6C-4D4E-AB11-6885D8241D5A} = {1A07BAA8-AE60-4F86-AF0B-3C46F2842D51}
		{2F2E703D-5FD0-416B-81AF-8BF08302FB07} = {1A07BAA8-AE60-4F86-AF0B-3C46F2842D51}
		{2366CA0D-BB60-48DD-90F2-6B5970423760} = {20F10269-2CE0-4416-B124-283D4FA371A7}
		{49AA8AC5-583F-4E93-A5EB-365D85277102} = {20F10269-2CE0-4416-B124-283D4FA371A7}
		{7D80C671-7033-4D8F-A270-217721D0F777} = {20F10269-2CE0-4416-B124-283D4FA371A7}
		{1A07BAA8-AE60-4F86-AF0B-3C46F2842D51} = {4E837FD9-AD44-4560-8263-F0E51F72FA78}
		{20F10269-2CE0-4416-B124-283D4FA371A7} = {4E837FD9-AD44-4560-8263-F0E51F72FA78}
		{26071CCE-430E-47FA-8A1B-F39FA682938F} = {84618991-C3FE-4334-A518-F68529932051}
		{04D6E3A2-7D08-41C2-9E0B-DF2337FC9EFA} = {4E837FD9-AD44-4560-8263-F0E51F72FA78}
	EndGlobalSection
EndGlobal
